
Microsoft Visual Studio Solution File, Format Version 12.00
# Visual Studio Version 16
VisualStudioVersion = 25.0.1706.4
MinimumVisualStudioVersion = 10.0.40219.1
Project("{FAE04EC0-301F-11D3-BF4B-00C04F79EFBC}") = "FortunaDigital.API", "FortunaDigital.API\FortunaDigital.API.csproj", "{412AF43F-8829-4EC9-9845-7AFF9BB8F3ED}"
EndProject
Project("{FAE04EC0-301F-11D3-BF4B-00C04F79EFBC}") = "FortunaDigital.Application", "FortunaDigital.Application\FortunaDigital.Application.csproj", "{F1D22CC4-B994-4374-AC0F-34891D50A4F6}"
EndProject
Project("{FAE04EC0-301F-11D3-BF4B-00C04F79EFBC}") = "FortunaDigital.Core", "FortunaDigital.Core\FortunaDigital.Core.csproj", "{B3E61FC4-DDA9-4EBC-94ED-E99B39159276}"
EndProject
Project("{FAE04EC0-301F-11D3-BF4B-00C04F79EFBC}") = "FortunaDigital.Infraistructure", "FortunaDigital.Infraistructure\FortunaDigital.Infraistructure.csproj", "{40B2A637-C828-4DE4-8F02-76CC6BCE97A7}"
EndProject
Project("{FAE04EC0-301F-11D3-BF4B-00C04F79EFBC}") = "FortunaDigital.Test", "FortunaDigital.Test\FortunaDigital.Test.csproj", "{033D6E61-C52A-44FA-976D-50D58B118CAE}"
EndProject
Global
	GlobalSection(SolutionConfigurationPlatforms) = preSolution
		Debug|Any CPU = Debug|Any CPU
		Release|Any CPU = Release|Any CPU
	EndGlobalSection
	GlobalSection(ProjectConfigurationPlatforms) = postSolution
		{412AF43F-8829-4EC9-9845-7AFF9BB8F3ED}.Debug|Any CPU.ActiveCfg = Debug|Any CPU
		{412AF43F-8829-4EC9-9845-7AFF9BB8F3ED}.Debug|Any CPU.Build.0 = Debug|Any CPU
		{412AF43F-8829-4EC9-9845-7AFF9BB8F3ED}.Release|Any CPU.ActiveCfg = Release|Any CPU
		{412AF43F-8829-4EC9-9845-7AFF9BB8F3ED}.Release|Any CPU.Build.0 = Release|Any CPU
		{F1D22CC4-B994-4374-AC0F-34891D50A4F6}.Debug|Any CPU.ActiveCfg = Debug|Any CPU
		{F1D22CC4-B994-4374-AC0F-34891D50A4F6}.Debug|Any CPU.Build.0 = Debug|Any CPU
		{F1D22CC4-B994-4374-AC0F-34891D50A4F6}.Release|Any CPU.ActiveCfg = Release|Any CPU
		{F1D22CC4-B994-4374-AC0F-34891D50A4F6}.Release|Any CPU.Build.0 = Release|Any CPU
		{B3E61FC4-DDA9-4EBC-94ED-E99B39159276}.Debug|Any CPU.ActiveCfg = Debug|Any CPU
		{B3E61FC4-DDA9-4EBC-94ED-E99B39159276}.Debug|Any CPU.Build.0 = Debug|Any CPU
		{B3E61FC4-DDA9-4EBC-94ED-E99B39159276}.Release|Any CPU.ActiveCfg = Release|Any CPU
		{B3E61FC4-DDA9-4EBC-94ED-E99B39159276}.Release|Any CPU.Build.0 = Release|Any CPU
		{40B2A637-C828-4DE4-8F02-76CC6BCE97A7}.Debug|Any CPU.ActiveCfg = Debug|Any CPU
		{40B2A637-C828-4DE4-8F02-76CC6BCE97A7}.Debug|Any CPU.Build.0 = Debug|Any CPU
		{40B2A637-C828-4DE4-8F02-76CC6BCE97A7}.Release|Any CPU.ActiveCfg = Release|Any CPU
		{40B2A637-C828-4DE4-8F02-76CC6BCE97A7}.Release|Any CPU.Build.0 = Release|Any CPU
		{033D6E61-C52A-44FA-976D-50D58B118CAE}.Debug|Any CPU.ActiveCfg = Debug|Any CPU
		{033D6E61-C52A-44FA-976D-50D58B118CAE}.Debug|Any CPU.Build.0 = Debug|Any CPU
		{033D6E61-C52A-44FA-976D-50D58B118CAE}.Release|Any CPU.ActiveCfg = Release|Any CPU
		{033D6E61-C52A-44FA-976D-50D58B118CAE}.Release|Any CPU.Build.0 = Release|Any CPU
	EndGlobalSection
	GlobalSection(SolutionProperties) = preSolution
		HideSolutionNode = FALSE
	EndGlobalSection
	GlobalSection(ExtensibilityGlobals) = postSolution
		SolutionGuid = {C366E41E-DDC4-4561-A515-0E1C0A473451}
	EndGlobalSection
EndGlobal
